
Microsoft Visual Studio Solution File, Format Version 12.00
# Visual Studio Version 16
VisualStudioVersion = 16.0.29418.71
MinimumVisualStudioVersion = 10.0.40219.1
Project("{FAE04EC0-301F-11D3-BF4B-00C04F79EFBC}") = "lifystyle", "lifystyle\lifystyle.csproj", "{3C46FADF-5BB2-4439-9129-3B15BA318910}"
EndProject
Global
	GlobalSection(SolutionConfigurationPlatforms) = preSolution
		Debug|Any CPU = Debug|Any CPU
		Release|Any CPU = Release|Any CPU
	EndGlobalSection
	GlobalSection(ProjectConfigurationPlatforms) = postSolution
		{3C46FADF-5BB2-4439-9129-3B15BA318910}.Debug|Any CPU.ActiveCfg = Debug|Any CPU
		{3C46FADF-5BB2-4439-9129-3B15BA318910}.Debug|Any CPU.Build.0 = Debug|Any CPU
		{3C46FADF-5BB2-4439-9129-3B15BA318910}.Release|Any CPU.ActiveCfg = Release|Any CPU
		{3C46FADF-5BB2-4439-9129-3B15BA318910}.Release|Any CPU.Build.0 = Release|Any CPU
	EndGlobalSection
	GlobalSection(SolutionProperties) = preSolution
		HideSolutionNode = FALSE
	EndGlobalSection
	GlobalSection(ExtensibilityGlobals) = postSolution
		SolutionGuid = {67F25DF8-B41D-48C2-9C69-B875A662A30D}
	EndGlobalSection
EndGlobal
